lockVersion: 2.0.0
id: 6250b250-1f28-403b-a1c6-452ade2211c7
management:
  docChecksum: 277eb484dd0b1cc1e11e50240c91e379
  docVersion: 1.0.0
  speakeasyVersion: 1.326.3
  generationVersion: 2.359.6
  releaseVersion: 0.3.1
  configChecksum: b040f0fa368571457c01b9b6bb42a31c
  repoURL: https://github.com/Codehagen/dingify-sdk.git
  installationURL: https://github.com/Codehagen/dingify-sdk
  published: true
features:
  typescript:
    additionalDependencies: 0.1.0
    core: 3.11.3
    globalSecurity: 2.82.9
    globalSecurityCallbacks: 0.1.0
    globalSecurityFlattening: 0.1.0
    globalServerURLs: 2.82.4
    responseFormat: 0.2.3
    sdkHooks: 0.1.0
generatedFiles:
  - src/sdk/events.ts
  - src/sdk/sdk.ts
  - .eslintrc.cjs
  - .npmignore
  - RUNTIMES.md
  - jsr.json
  - package.json
  - src/index.ts
  - src/lib/base64.ts
  - src/lib/config.ts
  - src/lib/encodings.ts
  - src/lib/http.ts
  - src/lib/is-plain-object.ts
  - src/lib/primitives.ts
  - src/lib/retries.ts
  - src/lib/schemas.ts
  - src/lib/sdks.ts
  - src/lib/security.ts
  - src/lib/url.ts
  - src/sdk/index.ts
  - src/models/errors/sdkerror.ts
  - src/models/errors/sdkvalidationerror.ts
  - src/types/blobs.ts
  - src/types/enums.ts
  - src/types/index.ts
  - src/types/operations.ts
  - src/types/rfcdate.ts
  - tsconfig.json
  - src/models/components/eventresponse.ts
  - src/models/components/event.ts
  - src/models/components/eventcreate.ts
  - src/models/components/eventsresponse.ts
  - src/models/components/security.ts
  - src/models/errors/unauthorizederror.ts
  - src/models/errors/index.ts
  - src/models/components/index.ts
  - docs/models/components/eventresponse.md
  - docs/models/components/event.md
  - docs/models/components/eventcreate.md
  - docs/models/components/eventsresponse.md
  - docs/models/components/security.md
  - docs/models/errors/unauthorizederror.md
  - USAGE.md
  - .gitattributes
  - src/hooks/hooks.ts
  - src/hooks/types.ts
  - src/hooks/index.ts
