speakeasyVersion: 1.297.0
sources:
    sample-source:
        sourceNamespace: sample-source
        sourceRevisionDigest: sha256:30c11fc61705c700e60c705360f0af4b39e933ba38ccdd7c7e6b7bf2b106e57b
        sourceBlobDigest: sha256:0a3e2ef6948a05a443c78851c8a1059672f05cf5e56d8b06bd6700144964d54f
        tags:
            - latest
            - main
targets:
    my-first-target:
        source: sample-source
        sourceNamespace: sample-source
        sourceRevisionDigest: sha256:30c11fc61705c700e60c705360f0af4b39e933ba38ccdd7c7e6b7bf2b106e57b
        sourceBlobDigest: sha256:0a3e2ef6948a05a443c78851c8a1059672f05cf5e56d8b06bd6700144964d54f
        outLocation: /github/workspace/repo
workflow:
    workflowVersion: 1.0.0
    speakeasyVersion: latest
    sources:
        sample-source:
            inputs:
                - location: openapi.yaml
            registry:
                location: registry.speakeasyapi.dev/placeholderapi/placeholderapi/sample-source
    targets:
        my-first-target:
            target: typescript
            source: sample-source
            publish:
                npm:
                    token: $npm_token
