speakeasyVersion: 1.295.0
sources:
    sample-source:
        sourceNamespace: sample-source
        sourceRevisionDigest: sha256:f676b94e89452b7e33f7cb74656dcdf8adafb5c953b7cf1fd82b790a94c58c25
        sourceBlobDigest: sha256:308afb993b9132d0c8b0e00aaa9bbe8766dc83b475de0995fc8ab54427cfe6db
        tags:
            - latest
targets:
    my-first-target:
        source: sample-source
        sourceNamespace: sample-source
        sourceRevisionDigest: sha256:f676b94e89452b7e33f7cb74656dcdf8adafb5c953b7cf1fd82b790a94c58c25
        sourceBlobDigest: sha256:308afb993b9132d0c8b0e00aaa9bbe8766dc83b475de0995fc8ab54427cfe6db
        outLocation: /Users/christer/Documents/dev/dingify-sdk/dingify-sdk
workflow:
    workflowVersion: 1.0.0
    speakeasyVersion: latest
    sources:
        sample-source:
            inputs:
                - location: openapi.yaml
            registry:
                location: registry.speakeasyapi.dev/placeholderapi/placeholderapi/sample-source
    targets:
        my-first-target:
            target: typescript
            source: sample-source
            publish:
                npm:
                    token: $npm_token
