speakeasyVersion: 1.294.0
sources:
    sample-source:
        sourceNamespace: sample-source
        sourceRevisionDigest: sha256:2ce3d655aea82fd665f472aa6dd614f7cf0497be130add0ec7f687df1737d0bb
        sourceBlobDigest: sha256:d2893f446ff2a491620600e937b11dc7a88eec496eaaacb073b95739f8ab8223
        tags:
            - latest
targets:
    my-first-target:
        source: sample-source
        sourceNamespace: sample-source
        sourceRevisionDigest: sha256:2ce3d655aea82fd665f472aa6dd614f7cf0497be130add0ec7f687df1737d0bb
        sourceBlobDigest: sha256:d2893f446ff2a491620600e937b11dc7a88eec496eaaacb073b95739f8ab8223
        outLocation: /Users/christer/Documents/dev/dingify-sdk/dingify-sdk
workflow:
    workflowVersion: 1.0.0
    speakeasyVersion: latest
    sources:
        sample-source:
            inputs:
                - location: openapi.yaml
            registry:
                location: registry.speakeasyapi.dev/placeholderapi/placeholderapi/sample-source
    targets:
        my-first-target:
            target: typescript
            source: sample-source
            publish:
                npm:
                    token: $npm_token
